
Microsoft Visual Studio Solution File, Format Version 12.00
# Visual Studio Version 17
VisualStudioVersion = 17.8.34511.84
MinimumVisualStudioVersion = 10.0.40219.1
Project("{9A19103F-16F7-4668-BE54-9A1E7A4F7556}") = "EasySave", "EasySave\EasySave.csproj", "{8B268A1A-2A03-4522-85A4-2E38A7B0BE77}"
EndProject
Project("{FAE04EC0-301F-11D3-BF4B-00C04F79EFBC}") = "EasySave 2.0", "EasySaveGUI\EasySaveGUI.csproj", "{6703567E-7F42-4A52-BEDC-F498F9FDBD6F}"
EndProject
Project("{FAE04EC0-301F-11D3-BF4B-00C04F79EFBC}") = "CryptoSoft", "CryptoSoft\CryptoSoft.csproj", "{401F50BC-87CE-452C-9334-6AC96A9D5384}"
EndProject
Project("{FAE04EC0-301F-11D3-BF4B-00C04F79EFBC}") = "EasySaveLib", "EasySaveLib\EasySaveLib.csproj", "{C0FEF921-5782-49E6-B4E2-7A4BF038B1A8}"
EndProject
Project("{FAE04EC0-301F-11D3-BF4B-00C04F79EFBC}") = "RemoteInterface", "RemoteInterface\RemoteInterface.csproj", "{BD53ECC4-19B5-4FF7-BA17-0A9B54DA8EB1}"
EndProject
Global
	GlobalSection(SolutionConfigurationPlatforms) = preSolution
		Debug|Any CPU = Debug|Any CPU
		Release|Any CPU = Release|Any CPU
	EndGlobalSection
	GlobalSection(ProjectConfigurationPlatforms) = postSolution
		{8B268A1A-2A03-4522-85A4-2E38A7B0BE77}.Debug|Any CPU.ActiveCfg = Debug|Any CPU
		{8B268A1A-2A03-4522-85A4-2E38A7B0BE77}.Debug|Any CPU.Build.0 = Debug|Any CPU
		{8B268A1A-2A03-4522-85A4-2E38A7B0BE77}.Release|Any CPU.ActiveCfg = Release|Any CPU
		{8B268A1A-2A03-4522-85A4-2E38A7B0BE77}.Release|Any CPU.Build.0 = Release|Any CPU
		{6703567E-7F42-4A52-BEDC-F498F9FDBD6F}.Debug|Any CPU.ActiveCfg = Debug|Any CPU
		{6703567E-7F42-4A52-BEDC-F498F9FDBD6F}.Debug|Any CPU.Build.0 = Debug|Any CPU
		{6703567E-7F42-4A52-BEDC-F498F9FDBD6F}.Release|Any CPU.ActiveCfg = Release|Any CPU
		{6703567E-7F42-4A52-BEDC-F498F9FDBD6F}.Release|Any CPU.Build.0 = Release|Any CPU
		{401F50BC-87CE-452C-9334-6AC96A9D5384}.Debug|Any CPU.ActiveCfg = Debug|Any CPU
		{401F50BC-87CE-452C-9334-6AC96A9D5384}.Debug|Any CPU.Build.0 = Debug|Any CPU
		{401F50BC-87CE-452C-9334-6AC96A9D5384}.Release|Any CPU.ActiveCfg = Release|Any CPU
		{401F50BC-87CE-452C-9334-6AC96A9D5384}.Release|Any CPU.Build.0 = Release|Any CPU
		{C0FEF921-5782-49E6-B4E2-7A4BF038B1A8}.Debug|Any CPU.ActiveCfg = Debug|Any CPU
		{C0FEF921-5782-49E6-B4E2-7A4BF038B1A8}.Debug|Any CPU.Build.0 = Debug|Any CPU
		{C0FEF921-5782-49E6-B4E2-7A4BF038B1A8}.Release|Any CPU.ActiveCfg = Release|Any CPU
		{C0FEF921-5782-49E6-B4E2-7A4BF038B1A8}.Release|Any CPU.Build.0 = Release|Any CPU
		{BD53ECC4-19B5-4FF7-BA17-0A9B54DA8EB1}.Debug|Any CPU.ActiveCfg = Debug|Any CPU
		{BD53ECC4-19B5-4FF7-BA17-0A9B54DA8EB1}.Debug|Any CPU.Build.0 = Debug|Any CPU
		{BD53ECC4-19B5-4FF7-BA17-0A9B54DA8EB1}.Release|Any CPU.ActiveCfg = Release|Any CPU
		{BD53ECC4-19B5-4FF7-BA17-0A9B54DA8EB1}.Release|Any CPU.Build.0 = Release|Any CPU
	EndGlobalSection
	GlobalSection(SolutionProperties) = preSolution
		HideSolutionNode = FALSE
	EndGlobalSection
	GlobalSection(ExtensibilityGlobals) = postSolution
		SolutionGuid = {AD178F43-1F59-4681-ABB2-32BDF42EA4DB}
	EndGlobalSection
EndGlobal
